// !$*UTF8*$!
{
	archiveVersion = 1;
	classes = {
	};
	objectVersion = 44;
	objects = {

/* Begin PBXBuildFile section */
		3C4324FE0E42FEAD006C46D5 /* MainMenu.xib in Resources */ = {isa = PBXBuildFile; fileRef = 3C4324F80E42FEAD006C46D5 /* MainMenu.xib */; };
		3C4324FF0E42FEAD006C46D5 /* InfoPlist.strings in Resources */ = {isa = PBXBuildFile; fileRef = 3C4324FA0E42FEAD006C46D5 /* InfoPlist.strings */; };
		3C4325000E42FEAD006C46D5 /* DrawingDocument.xib in Resources */ = {isa = PBXBuildFile; fileRef = 3C4324FC0E42FEAD006C46D5 /* DrawingDocument.xib */; };
		3C9E51EB0E725B03009417F8 /* DocumentController.m in Sources */ = {isa = PBXBuildFile; fileRef = 3C9E51EA0E725B03009417F8 /* DocumentController.m */; };
		3C9E51EC0E725B03009417F8 /* DocumentController.m in Sources */ = {isa = PBXBuildFile; fileRef = 3C9E51EA0E725B03009417F8 /* DocumentController.m */; };
		3CBA06D30E6C97E00039D5EA /* TopDraw.icns in Resources */ = {isa = PBXBuildFile; fileRef = 9B4A90240E42970000777579 /* TopDraw.icns */; };
		3CD4D7500E42F12F00F37DC9 /* ViewerController.m in Sources */ = {isa = PBXBuildFile; fileRef = 3CD4D74A0E42F12F00F37DC9 /* ViewerController.m */; };
		3CD4D7510E42F12F00F37DC9 /* StatusItemView.m in Sources */ = {isa = PBXBuildFile; fileRef = 3CD4D74C0E42F12F00F37DC9 /* StatusItemView.m */; };
		3CD4D7520E42F12F00F37DC9 /* PreferencesController.m in Sources */ = {isa = PBXBuildFile; fileRef = 3CD4D74E0E42F12F00F37DC9 /* PreferencesController.m */; };
		3CD4D7530E42F13500F37DC9 /* Installer.m in Sources */ = {isa = PBXBuildFile; fileRef = 9B4A8FCB0E428F4E00777579 /* Installer.m */; };
		3CD4D7540E42F13600F37DC9 /* Exporter.m in Sources */ = {isa = PBXBuildFile; fileRef = 9B4A8F220E428D7200777579 /* Exporter.m */; };
		3CD4D7610E42F19600F37DC9 /* Viewer.xib in Resources */ = {isa = PBXBuildFile; fileRef = 3CD4D7600E42F19600F37DC9 /* Viewer.xib */; };
		3CD4D7840E42F34B00F37DC9 /* Renderer.m in Sources */ = {isa = PBXBuildFile; fileRef = 9B4A8FBF0E428F2100777579 /* Renderer.m */; };
		3CD4D79D0E42F39800F37DC9 /* ViewerMain.m in Sources */ = {isa = PBXBuildFile; fileRef = 3CD4D79C0E42F39800F37DC9 /* ViewerMain.m */; };
		3CD4D7EE0E42F9ED00F37DC9 /* TopDraw.icns in Resources */ = {isa = PBXBuildFile; fileRef = 9B4A90240E42970000777579 /* TopDraw.icns */; };
		8D15AC320486D014006FF6A4 /* Editormain.m in Sources */ = {isa = PBXBuildFile; fileRef = 2A37F4B0FDCFA73011CA2CEA /* Editormain.m */; settings = {ATTRIBUTES = (); }; };
		8D15AC340486D014006FF6A4 /* Cocoa.framework in Frameworks */ = {isa = PBXBuildFile; fileRef = 1058C7A7FEA54F5311CA2CBB /* Cocoa.framework */; };
		9B1164000E47BCB100C230D5 /* NSColor+Adjustment.m in Sources */ = {isa = PBXBuildFile; fileRef = 9B1163FF0E47BCB100C230D5 /* NSColor+Adjustment.m */; };
		9B1164010E47BCB100C230D5 /* NSColor+Adjustment.m in Sources */ = {isa = PBXBuildFile; fileRef = 9B1163FF0E47BCB100C230D5 /* NSColor+Adjustment.m */; };
		9B296FB10E43EC0F00D89930 /* SimulatorObject.m in Sources */ = {isa = PBXBuildFile; fileRef = 9B296FB00E43EC0F00D89930 /* SimulatorObject.m */; };
		9B4A8EAD0E427E3B00777579 /* Accelerate.framework in Frameworks */ = {isa = PBXBuildFile; fileRef = 9B4A8EAA0E427E3B00777579 /* Accelerate.framework */; };
		9B4A8EAE0E427E3B00777579 /* JavaScriptCore.framework in Frameworks */ = {isa = PBXBuildFile; fileRef = 9B4A8EAB0E427E3B00777579 /* JavaScriptCore.framework */; };
		9B4A8EAF0E427E3B00777579 /* QuartzCore.framework in Frameworks */ = {isa = PBXBuildFile; fileRef = 9B4A8EAC0E427E3B00777579 /* QuartzCore.framework */; };
		9B4A8EE50E428BF000777579 /* NSColor+Random.m in Sources */ = {isa = PBXBuildFile; fileRef = 9B4A8ED60E428B8400777579 /* NSColor+Random.m */; };
		9B4A8EE60E428BF100777579 /* NSColor+String.m in Sources */ = {isa = PBXBuildFile; fileRef = 9B4A8ED40E428B8400777579 /* NSColor+String.m */; };
		9B4A8EE70E428BF200777579 /* NSScreen+Convenience.m in Sources */ = {isa = PBXBuildFile; fileRef = 9B4A8ED20E428B8400777579 /* NSScreen+Convenience.m */; };
		9B4A8F0B0E428C7700777579 /* Color.m in Sources */ = {isa = PBXBuildFile; fileRef = 9B4A8EE90E428C7700777579 /* Color.m */; };
		9B4A8F0C0E428C7700777579 /* Compositor.m in Sources */ = {isa = PBXBuildFile; fileRef = 9B4A8EEB0E428C7700777579 /* Compositor.m */; };
		9B4A8F0D0E428C7700777579 /* Filter.m in Sources */ = {isa = PBXBuildFile; fileRef = 9B4A8EED0E428C7700777579 /* Filter.m */; };
		9B4A8F0E0E428C7700777579 /* Gradient.m in Sources */ = {isa = PBXBuildFile; fileRef = 9B4A8EEF0E428C7700777579 /* Gradient.m */; };
		9B4A8F0F0E428C7700777579 /* GravityPoint.m in Sources */ = {isa = PBXBuildFile; fileRef = 9B4A8EF10E428C7700777579 /* GravityPoint.m */; };
		9B4A8F100E428C7700777579 /* Image.m in Sources */ = {isa = PBXBuildFile; fileRef = 9B4A8EF30E428C7700777579 /* Image.m */; };
		9B4A8F110E428C7700777579 /* Layer.m in Sources */ = {isa = PBXBuildFile; fileRef = 9B4A8EF50E428C7700777579 /* Layer.m */; };
		9B4A8F120E428C7700777579 /* Noise.m in Sources */ = {isa = PBXBuildFile; fileRef = 9B4A8EF70E428C7700777579 /* Noise.m */; };
		9B4A8F130E428C7700777579 /* Particles.m in Sources */ = {isa = PBXBuildFile; fileRef = 9B4A8EF90E428C7700777579 /* Particles.m */; };
		9B4A8F140E428C7700777579 /* Plasma.m in Sources */ = {isa = PBXBuildFile; fileRef = 9B4A8EFB0E428C7700777579 /* Plasma.m */; };
		9B4A8F150E428C7700777579 /* PointObject.m in Sources */ = {isa = PBXBuildFile; fileRef = 9B4A8EFD0E428C7700777579 /* PointObject.m */; };
		9B4A8F160E428C7700777579 /* Randomizer.m in Sources */ = {isa = PBXBuildFile; fileRef = 9B4A8EFF0E428C7700777579 /* Randomizer.m */; };
		9B4A8F170E428C7700777579 /* RectObject.m in Sources */ = {isa = PBXBuildFile; fileRef = 9B4A8F010E428C7700777579 /* RectObject.m */; };
		9B4A8F180E428C7700777579 /* RendererMain.m in Sources */ = {isa = PBXBuildFile; fileRef = 9B4A8F020E428C7700777579 /* RendererMain.m */; };
		9B4A8F190E428C7700777579 /* Runtime.m in Sources */ = {isa = PBXBuildFile; fileRef = 9B4A8F040E428C7700777579 /* Runtime.m */; };
		9B4A8F1A0E428C7700777579 /* RuntimeObject.m in Sources */ = {isa = PBXBuildFile; fileRef = 9B4A8F060E428C7700777579 /* RuntimeObject.m */; };
		9B4A8F1B0E428C7700777579 /* Simulator.m in Sources */ = {isa = PBXBuildFile; fileRef = 9B4A8F080E428C7700777579 /* Simulator.m */; };
		9B4A8F1C0E428C7700777579 /* Text.m in Sources */ = {isa = PBXBuildFile; fileRef = 9B4A8F0A0E428C7700777579 /* Text.m */; };
		9B4A8F230E428D7200777579 /* Exporter.m in Sources */ = {isa = PBXBuildFile; fileRef = 9B4A8F220E428D7200777579 /* Exporter.m */; };
		9B4A8F240E428D7200777579 /* Exporter.m in Sources */ = {isa = PBXBuildFile; fileRef = 9B4A8F220E428D7200777579 /* Exporter.m */; };
		9B4A8F290E428D9900777579 /* Foundation.framework in Frameworks */ = {isa = PBXBuildFile; fileRef = 2A37F4C5FDCFA73011CA2CEA /* Foundation.framework */; };
		9B4A8F2A0E428D9A00777579 /* JavaScriptCore.framework in Frameworks */ = {isa = PBXBuildFile; fileRef = 9B4A8EAB0E427E3B00777579 /* JavaScriptCore.framework */; };
		9B4A8F2B0E428D9B00777579 /* QuartzCore.framework in Frameworks */ = {isa = PBXBuildFile; fileRef = 9B4A8EAC0E427E3B00777579 /* QuartzCore.framework */; };
		9B4A8F2C0E428D9C00777579 /* Accelerate.framework in Frameworks */ = {isa = PBXBuildFile; fileRef = 9B4A8EAA0E427E3B00777579 /* Accelerate.framework */; };
		9B4A8F9B0E428E8D00777579 /* TopDrawRenderer in Copy Renderer */ = {isa = PBXBuildFile; fileRef = 9B4A8EE00E428BAF00777579 /* TopDrawRenderer */; };
		9B4A8FA40E428EAF00777579 /* DrawingDocument.m in Sources */ = {isa = PBXBuildFile; fileRef = 9B4A8FA20E428EAF00777579 /* DrawingDocument.m */; };
		9B4A8FC00E428F2100777579 /* CGImageView.m in Sources */ = {isa = PBXBuildFile; fileRef = 9B4A8FB50E428F2100777579 /* CGImageView.m */; };
		9B4A8FC10E428F2100777579 /* ColorizingTextView.m in Sources */ = {isa = PBXBuildFile; fileRef = 9B4A8FB70E428F2100777579 /* ColorizingTextView.m */; };
		9B4A8FC20E428F2100777579 /* Controller.m in Sources */ = {isa = PBXBuildFile; fileRef = 9B4A8FB90E428F2100777579 /* Controller.m */; };
		9B4A8FC30E428F2100777579 /* Logging.m in Sources */ = {isa = PBXBuildFile; fileRef = 9B4A8FBB0E428F2100777579 /* Logging.m */; };
		9B4A8FC40E428F2100777579 /* Preview.m in Sources */ = {isa = PBXBuildFile; fileRef = 9B4A8FBD0E428F2100777579 /* Preview.m */; };
		9B4A8FC50E428F2100777579 /* Renderer.m in Sources */ = {isa = PBXBuildFile; fileRef = 9B4A8FBF0E428F2100777579 /* Renderer.m */; };
		9B4A8FCC0E428F4E00777579 /* Installer.m in Sources */ = {isa = PBXBuildFile; fileRef = 9B4A8FCB0E428F4E00777579 /* Installer.m */; };
		9B4A90260E42970000777579 /* TopDrawDoc.icns in Resources */ = {isa = PBXBuildFile; fileRef = 9B4A90230E42970000777579 /* TopDrawDoc.icns */; };
		9B5C07E90E799EB700F4B6BF /* PaletteObject.m in Sources */ = {isa = PBXBuildFile; fileRef = 9B5C07E80E799EB700F4B6BF /* PaletteObject.m */; };
		9B5C08050E799F6A00F4B6BF /* Storage.m in Sources */ = {isa = PBXBuildFile; fileRef = 9B5C08040E799F6A00F4B6BF /* Storage.m */; };
		9BB539BB0E5B6E70008ED3AA /* PatternObject.m in Sources */ = {isa = PBXBuildFile; fileRef = 9BB539BA0E5B6E70008ED3AA /* PatternObject.m */; };
		9BC8E7480E638D7100780CB6 /* NSScreen+Convenience.m in Sources */ = {isa = PBXBuildFile; fileRef = 9B4A8ED20E428B8400777579 /* NSScreen+Convenience.m */; };
		9BDEC3A10E720BF500B82883 /* TopDrawViewer.app in Copy Renderer & Viewer */ = {isa = PBXBuildFile; fileRef = 3CD4D7440E42F08000F37DC9 /* TopDrawViewer.app */; };
		9BE37FD90E510E570083B486 /* Built-in.tds in Resources */ = {isa = PBXBuildFile; fileRef = 3CD4D7630E42F24200F37DC9 /* Built-in.tds */; };
		9BF798890E72012100181888 /* TopDrawRenderer in CopyFiles */ = {isa = PBXBuildFile; fileRef = 9B4A8EE00E428BAF00777579 /* TopDrawRenderer */; };
		9BF7989D0E7201D600181888 /* Built-in.tds in Resources */ = {isa = PBXBuildFile; fileRef = 3CD4D7630E42F24200F37DC9 /* Built-in.tds */; };
		9BF798D00E72089900181888 /* TopDrawDoc.icns in Resources */ = {isa = PBXBuildFile; fileRef = 9B4A90230E42970000777579 /* TopDrawDoc.icns */; };
		9BF798D10E72089900181888 /* TopDraw.icns in Resources */ = {isa = PBXBuildFile; fileRef = 9B4A90240E42970000777579 /* TopDraw.icns */; };
		9BF798D20E72089E00181888 /* MainMenu.xib in Resources */ = {isa = PBXBuildFile; fileRef = 3C4324F80E42FEAD006C46D5 /* MainMenu.xib */; };
		9BF798D30E72089E00181888 /* InfoPlist.strings in Resources */ = {isa = PBXBuildFile; fileRef = 3C4324FA0E42FEAD006C46D5 /* InfoPlist.strings */; };
		9BF798D40E72089E00181888 /* DrawingDocument.xib in Resources */ = {isa = PBXBuildFile; fileRef = 3C4324FC0E42FEAD006C46D5 /* DrawingDocument.xib */; };
		9BF798D50E72089E00181888 /* Built-in.tds in Resources */ = {isa = PBXBuildFile; fileRef = 3CD4D7630E42F24200F37DC9 /* Built-in.tds */; };
		9BF798D70E7208A900181888 /* Editormain.m in Sources */ = {isa = PBXBuildFile; fileRef = 2A37F4B0FDCFA73011CA2CEA /* Editormain.m */; };
		9BF798D80E7208A900181888 /* Exporter.m in Sources */ = {isa = PBXBuildFile; fileRef = 9B4A8F220E428D7200777579 /* Exporter.m */; };
		9BF798D90E7208A900181888 /* DrawingDocument.m in Sources */ = {isa = PBXBuildFile; fileRef = 9B4A8FA20E428EAF00777579 /* DrawingDocument.m */; };
		9BF798DA0E7208A900181888 /* CGImageView.m in Sources */ = {isa = PBXBuildFile; fileRef = 9B4A8FB50E428F2100777579 /* CGImageView.m */; };
		9BF798DB0E7208A900181888 /* ColorizingTextView.m in Sources */ = {isa = PBXBuildFile; fileRef = 9B4A8FB70E428F2100777579 /* ColorizingTextView.m */; };
		9BF798DC0E7208A900181888 /* Controller.m in Sources */ = {isa = PBXBuildFile; fileRef = 9B4A8FB90E428F2100777579 /* Controller.m */; };
		9BF798DD0E7208A900181888 /* Logging.m in Sources */ = {isa = PBXBuildFile; fileRef = 9B4A8FBB0E428F2100777579 /* Logging.m */; };
		9BF798DE0E7208A900181888 /* Preview.m in Sources */ = {isa = PBXBuildFile; fileRef = 9B4A8FBD0E428F2100777579 /* Preview.m */; };
		9BF798DF0E7208A900181888 /* Renderer.m in Sources */ = {isa = PBXBuildFile; fileRef = 9B4A8FBF0E428F2100777579 /* Renderer.m */; };
		9BF798E00E7208A900181888 /* Installer.m in Sources */ = {isa = PBXBuildFile; fileRef = 9B4A8FCB0E428F4E00777579 /* Installer.m */; };
		9BF798E10E7208A900181888 /* NSScreen+Convenience.m in Sources */ = {isa = PBXBuildFile; fileRef = 9B4A8ED20E428B8400777579 /* NSScreen+Convenience.m */; };
		9BF7993B0E7208BA00181888 /* Cocoa.framework in Frameworks */ = {isa = PBXBuildFile; fileRef = 1058C7A7FEA54F5311CA2CBB /* Cocoa.framework */; };
		9BF7993C0E7208BA00181888 /* Accelerate.framework in Frameworks */ = {isa = PBXBuildFile; fileRef = 9B4A8EAA0E427E3B00777579 /* Accelerate.framework */; };
		9BF7993D0E7208BA00181888 /* JavaScriptCore.framework in Frameworks */ = {isa = PBXBuildFile; fileRef = 9B4A8EAB0E427E3B00777579 /* JavaScriptCore.framework */; };
		9BF7993E0E7208BA00181888 /* QuartzCore.framework in Frameworks */ = {isa = PBXBuildFile; fileRef = 9B4A8EAC0E427E3B00777579 /* QuartzCore.framework */; };
		9BF799440E72090A00181888 /* TopDrawRenderer in Copy Renderer & Viewer */ = {isa = PBXBuildFile; fileRef = 9B4A8EE00E428BAF00777579 /* TopDrawRenderer */; };
/* End PBXBuildFile section */

/* Begin PBXContainerItemProxy section */
		3CD4D5D30E42DD1300F37DC9 /* PBXContainerItemProxy */ = {
			isa = PBXContainerItemProxy;
			containerPortal = 2A37F4A9FDCFA73011CA2CEA /* Project object */;
			proxyType = 1;
			remoteGlobalIDString = 9B4A8EDF0E428BAF00777579;
			remoteInfo = Renderer;
		};
		9BF7988A0E72012C00181888 /* PBXContainerItemProxy */ = {
			isa = PBXContainerItemProxy;
			containerPortal = 2A37F4A9FDCFA73011CA2CEA /* Project object */;
			proxyType = 1;
			remoteGlobalIDString = 9B4A8EDF0E428BAF00777579;
			remoteInfo = Renderer;
		};
		9BF7993F0E7208C800181888 /* PBXContainerItemProxy */ = {
			isa = PBXContainerItemProxy;
			containerPortal = 2A37F4A9FDCFA73011CA2CEA /* Project object */;
			proxyType = 1;
			remoteGlobalIDString = 9B4A8EDF0E428BAF00777579;
			remoteInfo = Renderer;
		};
		9BF799410E7208D000181888 /* PBXContainerItemProxy */ = {
			isa = PBXContainerItemProxy;
			containerPortal = 2A37F4A9FDCFA73011CA2CEA /* Project object */;
			proxyType = 1;
			remoteGlobalIDString = 3CD4D7430E42F08000F37DC9;
			remoteInfo = Viewer;
		};
/* End PBXContainerItemProxy section */

/* Begin PBXCopyFilesBuildPhase section */
		9B4A8FA10E428E9400777579 /* Copy Renderer */ = {
			isa = PBXCopyFilesBuildPhase;
			buildActionMask = 2147483647;
			dstPath = "";
			dstSubfolderSpec = 6;
			files = (
				9B4A8F9B0E428E8D00777579 /* TopDrawRenderer in Copy Renderer */,
			);
			name = "Copy Renderer";
			runOnlyForDeploymentPostprocessing = 0;
		};
		9BF7989C0E72013D00181888 /* CopyFiles */ = {
			isa = PBXCopyFilesBuildPhase;
			buildActionMask = 2147483647;
			dstPath = "";
			dstSubfolderSpec = 6;
			files = (
				9BF798890E72012100181888 /* TopDrawRenderer in CopyFiles */,
			);
			runOnlyForDeploymentPostprocessing = 0;
		};
		9BF799460E72094700181888 /* Copy Renderer & Viewer */ = {
			isa = PBXCopyFilesBuildPhase;
			buildActionMask = 2147483647;
			dstPath = "";
			dstSubfolderSpec = 6;
			files = (
				9BDEC3A10E720BF500B82883 /* TopDrawViewer.app in Copy Renderer & Viewer */,
				9BF799440E72090A00181888 /* TopDrawRenderer in Copy Renderer & Viewer */,
			);
			name = "Copy Renderer & Viewer";
			runOnlyForDeploymentPostprocessing = 0;
		};
/* End PBXCopyFilesBuildPhase section */

/* Begin PBXFileReference section */
		1058C7A7FEA54F5311CA2CBB /* Cocoa.framework */ = {isa = PBXFileReference; lastKnownFileType = wrapper.framework; name = Cocoa.framework; path = /System/Library/Frameworks/Cocoa.framework; sourceTree = "<absolute>"; };
		2A37F4B0FDCFA73011CA2CEA /* Editormain.m */ = {isa = PBXFileReference; fileEncoding = 4; lastKnownFileType = sourcecode.c.objc; path = Editormain.m; sourceTree = "<group>"; };
		2A37F4C4FDCFA73011CA2CEA /* AppKit.framework */ = {isa = PBXFileReference; lastKnownFileType = wrapper.framework; name = AppKit.framework; path = /System/Library/Frameworks/AppKit.framework; sourceTree = "<absolute>"; };
		2A37F4C5FDCFA73011CA2CEA /* Foundation.framework */ = {isa = PBXFileReference; lastKnownFileType = wrapper.framework; name = Foundation.framework; path = /System/Library/Frameworks/Foundation.framework; sourceTree = "<absolute>"; };
		32DBCF750370BD2300C91783 /* TopDraw_Prefix.pch */ = {isa = PBXFileReference; fileEncoding = 4; lastKnownFileType = sourcecode.c.h; path = TopDraw_Prefix.pch; sourceTree = "<group>"; };
		3C4324F90E42FEAD006C46D5 /* English */ = {isa = PBXFileReference; lastKnownFileType = file.xib; name = English; path = English.lproj/MainMenu.xib; sourceTree = "<group>"; };
		3C4324FB0E42FEAD006C46D5 /* English */ = {isa = PBXFileReference; fileEncoding = 10; lastKnownFileType = text.plist.strings; name = English; path = English.lproj/InfoPlist.strings; sourceTree = "<group>"; };
		3C4324FD0E42FEAD006C46D5 /* English */ = {isa = PBXFileReference; lastKnownFileType = file.xib; name = English; path = English.lproj/DrawingDocument.xib; sourceTree = "<group>"; };
		3C9E51E90E725B03009417F8 /* DocumentController.h */ = {isa = PBXFileReference; fileEncoding = 4; lastKnownFileType = sourcecode.c.h; path = DocumentController.h; sourceTree = "<group>"; };
		3C9E51EA0E725B03009417F8 /* DocumentController.m */ = {isa = PBXFileReference; fileEncoding = 4; lastKnownFileType = sourcecode.c.objc; path = DocumentController.m; sourceTree = "<group>"; };
		3CD4D7440E42F08000F37DC9 /* TopDrawViewer.app */ = {isa = PBXFileReference; explicitFileType = wrapper.application; includeInIndex = 0; path = TopDrawViewer.app; sourceTree = BUILT_PRODUCTS_DIR; };
		3CD4D7460E42F08000F37DC9 /* Viewer-Info.plist */ = {isa = PBXFileReference; lastKnownFileType = text.plist.xml; path = "Viewer-Info.plist"; sourceTree = "<group>"; };
		3CD4D74A0E42F12F00F37DC9 /* ViewerController.m */ = {isa = PBXFileReference; fileEncoding = 4; lastKnownFileType = sourcecode.c.objc; path = ViewerController.m; sourceTree = "<group>"; };
		3CD4D74B0E42F12F00F37DC9 /* ViewerController.h */ = {isa = PBXFileReference; fileEncoding = 4; lastKnownFileType = sourcecode.c.h; path = ViewerController.h; sourceTree = "<group>"; };
		3CD4D74C0E42F12F00F37DC9 /* StatusItemView.m */ = {isa = PBXFileReference; fileEncoding = 4; lastKnownFileType = sourcecode.c.objc; path = StatusItemView.m; sourceTree = "<group>"; };
		3CD4D74D0E42F12F00F37DC9 /* StatusItemView.h */ = {isa = PBXFileReference; fileEncoding = 4; lastKnownFileType = sourcecode.c.h; path = StatusItemView.h; sourceTree = "<group>"; };
		3CD4D74E0E42F12F00F37DC9 /* PreferencesController.m */ = {isa = PBXFileReference; fileEncoding = 4; lastKnownFileType = sourcecode.c.objc; path = PreferencesController.m; sourceTree = "<group>"; };
		3CD4D74F0E42F12F00F37DC9 /* PreferencesController.h */ = {isa = PBXFileReference; fileEncoding = 4; lastKnownFileType = sourcecode.c.h; path = PreferencesController.h; sourceTree = "<group>"; };
		3CD4D7600E42F19600F37DC9 /* Viewer.xib */ = {isa = PBXFileReference; lastKnownFileType = file.xib; path = Viewer.xib; sourceTree = "<group>"; };
		3CD4D7630E42F24200F37DC9 /* Built-in.tds */ = {isa = PBXFileReference; fileEncoding = 4; lastKnownFileType = text; name = "Built-in.tds"; path = "../Viewer/Built-in.tds"; sourceTree = "<group>"; };
		3CD4D79C0E42F39800F37DC9 /* ViewerMain.m */ = {isa = PBXFileReference; fileEncoding = 4; lastKnownFileType = sourcecode.c.objc; path = ViewerMain.m; sourceTree = "<group>"; };
		8D15AC360486D014006FF6A4 /* Info.plist */ = {isa = PBXFileReference; fileEncoding = 4; lastKnownFileType = text.plist.xml; path = Info.plist; sourceTree = "<group>"; };
		9B1163CF0E47B95A00C230D5 /* Top Draw.css */ = {isa = PBXFileReference; fileEncoding = 4; lastKnownFileType = text.css; name = "Top Draw.css"; path = "Documentation/Top Draw.css"; sourceTree = "<group>"; };
		9B1163FE0E47BCB100C230D5 /* NSColor+Adjustment.h */ = {isa = PBXFileReference; fileEncoding = 4; lastKnownFileType = sourcecode.c.h; path = "NSColor+Adjustment.h"; sourceTree = "<group>"; };
		9B1163FF0E47BCB100C230D5 /* NSColor+Adjustment.m */ = {isa = PBXFileReference; fileEncoding = 4; lastKnownFileType = sourcecode.c.objc; path = "NSColor+Adjustment.m"; sourceTree = "<group>"; };
		9B296FAF0E43EC0F00D89930 /* SimulatorObject.h */ = {isa = PBXFileReference; fileEncoding = 4; lastKnownFileType = sourcecode.c.h; path = SimulatorObject.h; sourceTree = "<group>"; };
		9B296FB00E43EC0F00D89930 /* SimulatorObject.m */ = {isa = PBXFileReference; fileEncoding = 4; lastKnownFileType = sourcecode.c.objc; path = SimulatorObject.m; sourceTree = "<group>"; };
		9B4A8EAA0E427E3B00777579 /* Accelerate.framework */ = {isa = PBXFileReference; lastKnownFileType = wrapper.framework; name = Accelerate.framework; path = /System/Library/Frameworks/Accelerate.framework; sourceTree = "<absolute>"; };
		9B4A8EAB0E427E3B00777579 /* JavaScriptCore.framework */ = {isa = PBXFileReference; lastKnownFileType = wrapper.framework; name = JavaScriptCore.framework; path = /System/Library/Frameworks/JavaScriptCore.framework; sourceTree = "<absolute>"; };
		9B4A8EAC0E427E3B00777579 /* QuartzCore.framework */ = {isa = PBXFileReference; lastKnownFileType = wrapper.framework; name = QuartzCore.framework; path = /System/Library/Frameworks/QuartzCore.framework; sourceTree = "<absolute>"; };
		9B4A8ED20E428B8400777579 /* NSScreen+Convenience.m */ = {isa = PBXFileReference; fileEncoding = 4; lastKnownFileType = sourcecode.c.objc; name = "NSScreen+Convenience.m"; path = "../Renderer/NSScreen+Convenience.m"; sourceTree = "<group>"; };
		9B4A8ED30E428B8400777579 /* NSScreen+Convenience.h */ = {isa = PBXFileReference; fileEncoding = 4; lastKnownFileType = sourcecode.c.h; name = "NSScreen+Convenience.h"; path = "../Renderer/NSScreen+Convenience.h"; sourceTree = "<group>"; };
		9B4A8ED40E428B8400777579 /* NSColor+String.m */ = {isa = PBXFileReference; fileEncoding = 4; lastKnownFileType = sourcecode.c.objc; path = "NSColor+String.m"; sourceTree = "<group>"; };
		9B4A8ED50E428B8400777579 /* NSColor+String.h */ = {isa = PBXFileReference; fileEncoding = 4; lastKnownFileType = sourcecode.c.h; path = "NSColor+String.h"; sourceTree = "<group>"; };
		9B4A8ED60E428B8400777579 /* NSColor+Random.m */ = {isa = PBXFileReference; fileEncoding = 4; lastKnownFileType = sourcecode.c.objc; path = "NSColor+Random.m"; sourceTree = "<group>"; };
		9B4A8ED70E428B8400777579 /* NSColor+Random.h */ = {isa = PBXFileReference; fileEncoding = 4; lastKnownFileType = sourcecode.c.h; path = "NSColor+Random.h"; sourceTree = "<group>"; };
		9B4A8EE00E428BAF00777579 /* TopDrawRenderer */ = {isa = PBXFileReference; explicitFileType = "compiled.mach-o.executable"; includeInIndex = 0; path = TopDrawRenderer; sourceTree = BUILT_PRODUCTS_DIR; };
		9B4A8EE80E428C7700777579 /* Color.h */ = {isa = PBXFileReference; fileEncoding = 4; lastKnownFileType = sourcecode.c.h; path = Color.h; sourceTree = "<group>"; };
		9B4A8EE90E428C7700777579 /* Color.m */ = {isa = PBXFileReference; fileEncoding = 4; lastKnownFileType = sourcecode.c.objc; path = Color.m; sourceTree = "<group>"; };
		9B4A8EEA0E428C7700777579 /* Compositor.h */ = {isa = PBXFileReference; fileEncoding = 4; lastKnownFileType = sourcecode.c.h; path = Compositor.h; sourceTree = "<group>"; };
		9B4A8EEB0E428C7700777579 /* Compositor.m */ = {isa = PBXFileReference; fileEncoding = 4; lastKnownFileType = sourcecode.c.objc; path = Compositor.m; sourceTree = "<group>"; };
		9B4A8EEC0E428C7700777579 /* Filter.h */ = {isa = PBXFileReference; fileEncoding = 4; lastKnownFileType = sourcecode.c.h; path = Filter.h; sourceTree = "<group>"; };
		9B4A8EED0E428C7700777579 /* Filter.m */ = {isa = PBXFileReference; fileEncoding = 4; lastKnownFileType = sourcecode.c.objc; path = Filter.m; sourceTree = "<group>"; };
		9B4A8EEE0E428C7700777579 /* Gradient.h */ = {isa = PBXFileReference; fileEncoding = 4; lastKnownFileType = sourcecode.c.h; path = Gradient.h; sourceTree = "<group>"; };
		9B4A8EEF0E428C7700777579 /* Gradient.m */ = {isa = PBXFileReference; fileEncoding = 4; lastKnownFileType = sourcecode.c.objc; path = Gradient.m; sourceTree = "<group>"; };
		9B4A8EF00E428C7700777579 /* GravityPoint.h */ = {isa = PBXFileReference; fileEncoding = 4; lastKnownFileType = sourcecode.c.h; path = GravityPoint.h; sourceTree = "<group>"; };
		9B4A8EF10E428C7700777579 /* GravityPoint.m */ = {isa = PBXFileReference; fileEncoding = 4; lastKnownFileType = sourcecode.c.objc; path = GravityPoint.m; sourceTree = "<group>"; };
		9B4A8EF20E428C7700777579 /* Image.h */ = {isa = PBXFileReference; fileEncoding = 4; lastKnownFileType = sourcecode.c.h; path = Image.h; sourceTree = "<group>"; };
		9B4A8EF30E428C7700777579 /* Image.m */ = {isa = PBXFileReference; fileEncoding = 4; lastKnownFileType = sourcecode.c.objc; path = Image.m; sourceTree = "<group>"; };
		9B4A8EF40E428C7700777579 /* Layer.h */ = {isa = PBXFileReference; fileEncoding = 4; lastKnownFileType = sourcecode.c.h; path = Layer.h; sourceTree = "<group>"; };
		9B4A8EF50E428C7700777579 /* Layer.m */ = {isa = PBXFileReference; fileEncoding = 4; lastKnownFileType = sourcecode.c.objc; path = Layer.m; sourceTree = "<group>"; };
		9B4A8EF60E428C7700777579 /* Noise.h */ = {isa = PBXFileReference; fileEncoding = 4; lastKnownFileType = sourcecode.c.h; path = Noise.h; sourceTree = "<group>"; };
		9B4A8EF70E428C7700777579 /* Noise.m */ = {isa = PBXFileReference; fileEncoding = 4; lastKnownFileType = sourcecode.c.objc; path = Noise.m; sourceTree = "<group>"; };
		9B4A8EF80E428C7700777579 /* Particles.h */ = {isa = PBXFileReference; fileEncoding = 4; lastKnownFileType = sourcecode.c.h; path = Particles.h; sourceTree = "<group>"; };
		9B4A8EF90E428C7700777579 /* Particles.m */ = {isa = PBXFileReference; fileEncoding = 4; lastKnownFileType = sourcecode.c.objc; path = Particles.m; sourceTree = "<group>"; };
		9B4A8EFA0E428C7700777579 /* Plasma.h */ = {isa = PBXFileReference; fileEncoding = 4; lastKnownFileType = sourcecode.c.h; path = Plasma.h; sourceTree = "<group>"; };
		9B4A8EFB0E428C7700777579 /* Plasma.m */ = {isa = PBXFileReference; fileEncoding = 4; lastKnownFileType = sourcecode.c.objc; path = Plasma.m; sourceTree = "<group>"; };
		9B4A8EFC0E428C7700777579 /* PointObject.h */ = {isa = PBXFileReference; fileEncoding = 4; lastKnownFileType = sourcecode.c.h; path = PointObject.h; sourceTree = "<group>"; };
		9B4A8EFD0E428C7700777579 /* PointObject.m */ = {isa = PBXFileReference; fileEncoding = 4; lastKnownFileType = sourcecode.c.objc; path = PointObject.m; sourceTree = "<group>"; };
		9B4A8EFE0E428C7700777579 /* Randomizer.h */ = {isa = PBXFileReference; fileEncoding = 4; lastKnownFileType = sourcecode.c.h; path = Randomizer.h; sourceTree = "<group>"; };
		9B4A8EFF0E428C7700777579 /* Randomizer.m */ = {isa = PBXFileReference; fileEncoding = 4; lastKnownFileType = sourcecode.c.objc; path = Randomizer.m; sourceTree = "<group>"; };
		9B4A8F000E428C7700777579 /* RectObject.h */ = {isa = PBXFileReference; fileEncoding = 4; lastKnownFileType = sourcecode.c.h; path = RectObject.h; sourceTree = "<group>"; };
		9B4A8F010E428C7700777579 /* RectObject.m */ = {isa = PBXFileReference; fileEncoding = 4; lastKnownFileType = sourcecode.c.objc; path = RectObject.m; sourceTree = "<group>"; };
		9B4A8F020E428C7700777579 /* RendererMain.m */ = {isa = PBXFileReference; fileEncoding = 4; lastKnownFileType = sourcecode.c.objc; path = RendererMain.m; sourceTree = "<group>"; };
		9B4A8F030E428C7700777579 /* Runtime.h */ = {isa = PBXFileReference; fileEncoding = 4; lastKnownFileType = sourcecode.c.h; path = Runtime.h; sourceTree = "<group>"; };
		9B4A8F040E428C7700777579 /* Runtime.m */ = {isa = PBXFileReference; fileEncoding = 4; lastKnownFileType = sourcecode.c.objc; path = Runtime.m; sourceTree = "<group>"; };
		9B4A8F050E428C7700777579 /* RuntimeObject.h */ = {isa = PBXFileReference; fileEncoding = 4; lastKnownFileType = sourcecode.c.h; path = RuntimeObject.h; sourceTree = "<group>"; };
		9B4A8F060E428C7700777579 /* RuntimeObject.m */ = {isa = PBXFileReference; fileEncoding = 4; lastKnownFileType = sourcecode.c.objc; path = RuntimeObject.m; sourceTree = "<group>"; };
		9B4A8F070E428C7700777579 /* Simulator.h */ = {isa = PBXFileReference; fileEncoding = 4; lastKnownFileType = sourcecode.c.h; path = Simulator.h; sourceTree = "<group>"; };
		9B4A8F080E428C7700777579 /* Simulator.m */ = {isa = PBXFileReference; fileEncoding = 4; lastKnownFileType = sourcecode.c.objc; path = Simulator.m; sourceTree = "<group>"; };
		9B4A8F090E428C7700777579 /* Text.h */ = {isa = PBXFileReference; fileEncoding = 4; lastKnownFileType = sourcecode.c.h; path = Text.h; sourceTree = "<group>"; };
		9B4A8F0A0E428C7700777579 /* Text.m */ = {isa = PBXFileReference; fileEncoding = 4; lastKnownFileType = sourcecode.c.objc; path = Text.m; sourceTree = "<group>"; };
		9B4A8F200E428CDE00777579 /* Renderer_Prefix.pch */ = {isa = PBXFileReference; fileEncoding = 4; lastKnownFileType = sourcecode.c.h; path = Renderer_Prefix.pch; sourceTree = "<group>"; };
		9B4A8F210E428D7200777579 /* Exporter.h */ = {isa = PBXFileReference; fileEncoding = 4; lastKnownFileType = sourcecode.c.h; path = Exporter.h; sourceTree = "<group>"; };
		9B4A8F220E428D7200777579 /* Exporter.m */ = {isa = PBXFileReference; fileEncoding = 4; lastKnownFileType = sourcecode.c.objc; path = Exporter.m; sourceTree = "<group>"; };
		9B4A8FA20E428EAF00777579 /* DrawingDocument.m */ = {isa = PBXFileReference; fileEncoding = 4; lastKnownFileType = sourcecode.c.objc; path = DrawingDocument.m; sourceTree = "<group>"; };
		9B4A8FA30E428EAF00777579 /* DrawingDocument.h */ = {isa = PBXFileReference; fileEncoding = 4; lastKnownFileType = sourcecode.c.h; path = DrawingDocument.h; sourceTree = "<group>"; };
		9B4A8FB40E428F2100777579 /* CGImageView.h */ = {isa = PBXFileReference; fileEncoding = 4; lastKnownFileType = sourcecode.c.h; path = CGImageView.h; sourceTree = "<group>"; };
		9B4A8FB50E428F2100777579 /* CGImageView.m */ = {isa = PBXFileReference; fileEncoding = 4; lastKnownFileType = sourcecode.c.objc; path = CGImageView.m; sourceTree = "<group>"; };
		9B4A8FB60E428F2100777579 /* ColorizingTextView.h */ = {isa = PBXFileReference; fileEncoding = 4; lastKnownFileType = sourcecode.c.h; path = ColorizingTextView.h; sourceTree = "<group>"; };
		9B4A8FB70E428F2100777579 /* ColorizingTextView.m */ = {isa = PBXFileReference; fileEncoding = 4; lastKnownFileType = sourcecode.c.objc; path = ColorizingTextView.m; sourceTree = "<group>"; };
		9B4A8FB80E428F2100777579 /* Controller.h */ = {isa = PBXFileReference; fileEncoding = 4; lastKnownFileType = sourcecode.c.h; path = Controller.h; sourceTree = "<group>"; };
		9B4A8FB90E428F2100777579 /* Controller.m */ = {isa = PBXFileReference; fileEncoding = 4; lastKnownFileType = sourcecode.c.objc; path = Controller.m; sourceTree = "<group>"; };
		9B4A8FBA0E428F2100777579 /* Logging.h */ = {isa = PBXFileReference; fileEncoding = 4; lastKnownFileType = sourcecode.c.h; path = Logging.h; sourceTree = "<group>"; };
		9B4A8FBB0E428F2100777579 /* Logging.m */ = {isa = PBXFileReference; fileEncoding = 4; lastKnownFileType = sourcecode.c.objc; path = Logging.m; sourceTree = "<group>"; };
		9B4A8FBC0E428F2100777579 /* Preview.h */ = {isa = PBXFileReference; fileEncoding = 4; lastKnownFileType = sourcecode.c.h; path = Preview.h; sourceTree = "<group>"; };
		9B4A8FBD0E428F2100777579 /* Preview.m */ = {isa = PBXFileReference; fileEncoding = 4; lastKnownFileType = sourcecode.c.objc; path = Preview.m; sourceTree = "<group>"; };
		9B4A8FBE0E428F2100777579 /* Renderer.h */ = {isa = PBXFileReference; fileEncoding = 4; lastKnownFileType = sourcecode.c.h; path = Renderer.h; sourceTree = "<group>"; };
		9B4A8FBF0E428F2100777579 /* Renderer.m */ = {isa = PBXFileReference; fileEncoding = 4; lastKnownFileType = sourcecode.c.objc; path = Renderer.m; sourceTree = "<group>"; };
		9B4A8FCA0E428F4E00777579 /* Installer.h */ = {isa = PBXFileReference; fileEncoding = 4; lastKnownFileType = sourcecode.c.h; path = Installer.h; sourceTree = "<group>"; };
		9B4A8FCB0E428F4E00777579 /* Installer.m */ = {isa = PBXFileReference; fileEncoding = 4; lastKnownFileType = sourcecode.c.objc; path = Installer.m; sourceTree = "<group>"; };
		9B4A90230E42970000777579 /* TopDrawDoc.icns */ = {isa = PBXFileReference; lastKnownFileType = image.icns; path = TopDrawDoc.icns; sourceTree = "<group>"; };
		9B4A90240E42970000777579 /* TopDraw.icns */ = {isa = PBXFileReference; lastKnownFileType = image.icns; path = TopDraw.icns; sourceTree = "<group>"; };
		9B5C07E40E799E5C00F4B6BF /* PaletteObject.h */ = {isa = PBXFileReference; fileEncoding = 4; lastKnownFileType = sourcecode.c.h; path = PaletteObject.h; sourceTree = "<group>"; };
		9B5C07E80E799EB700F4B6BF /* PaletteObject.m */ = {isa = PBXFileReference; fileEncoding = 4; lastKnownFileType = sourcecode.c.objc; path = PaletteObject.m; sourceTree = "<group>"; };
		9B5C08030E799F6A00F4B6BF /* Storage.h */ = {isa = PBXFileReference; fileEncoding = 4; lastKnownFileType = sourcecode.c.h; path = Storage.h; sourceTree = "<group>"; };
		9B5C08040E799F6A00F4B6BF /* Storage.m */ = {isa = PBXFileReference; fileEncoding = 4; lastKnownFileType = sourcecode.c.objc; path = Storage.m; sourceTree = "<group>"; };
		9BB539B90E5B6E70008ED3AA /* PatternObject.h */ = {isa = PBXFileReference; fileEncoding = 4; lastKnownFileType = sourcecode.c.h; path = PatternObject.h; sourceTree = "<group>"; };
		9BB539BA0E5B6E70008ED3AA /* PatternObject.m */ = {isa = PBXFileReference; fileEncoding = 4; lastKnownFileType = sourcecode.c.objc; path = PatternObject.m; sourceTree = "<group>"; };
		9BC7F92D0E77704900131590 /* ReadMe.txt */ = {isa = PBXFileReference; fileEncoding = 4; lastKnownFileType = text; path = ReadMe.txt; sourceTree = "<group>"; };
		9BC8E7B80E63A20800780CB6 /* Version.xcconfig */ = {isa = PBXFileReference; fileEncoding = 4; lastKnownFileType = text.xcconfig; path = Version.xcconfig; sourceTree = "<group>"; };
		9BDEC45E0E72261300B82883 /* TopDrawEditor.app */ = {isa = PBXFileReference; explicitFileType = wrapper.application; includeInIndex = 0; path = TopDrawEditor.app; sourceTree = BUILT_PRODUCTS_DIR; };
		9BE3C04B0E4370AC00E3AA8A /* TopDraw.html */ = {isa = PBXFileReference; fileEncoding = 4; lastKnownFileType = text.html.documentation; name = TopDraw.html; path = Documentation/TopDraw.html; sourceTree = "<group>"; };
		9BE3C04C0E4370AC00E3AA8A /* TopDrawViewer.html */ = {isa = PBXFileReference; fileEncoding = 4; lastKnownFileType = text.html.documentation; name = TopDrawViewer.html; path = Documentation/TopDrawViewer.html; sourceTree = "<group>"; };
		9BF798CA0E72082100181888 /* TopDraw.app */ = {isa = PBXFileReference; explicitFileType = wrapper.application; includeInIndex = 0; path = TopDraw.app; sourceTree = BUILT_PRODUCTS_DIR; };
/* End PBXFileReference section */

/* Begin PBXFrameworksBuildPhase section */
		3CD4D7420E42F08000F37DC9 /* Frameworks */ = {
			isa = PBXFrameworksBuildPhase;
			buildActionMask = 2147483647;
			files = (
			);
			runOnlyForDeploymentPostprocessing = 0;
		};
		8D15AC330486D014006FF6A4 /* Frameworks */ = {
			isa = PBXFrameworksBuildPhase;
			buildActionMask = 2147483647;
			files = (
				8D15AC340486D014006FF6A4 /* Cocoa.framework in Frameworks */,
				9B4A8EAD0E427E3B00777579 /* Accelerate.framework in Frameworks */,
				9B4A8EAE0E427E3B00777579 /* JavaScriptCore.framework in Frameworks */,
				9B4A8EAF0E427E3B00777579 /* QuartzCore.framework in Frameworks */,
			);
			runOnlyForDeploymentPostprocessing = 0;
		};
		9B4A8EDE0E428BAF00777579 /* Frameworks */ = {
			isa = PBXFrameworksBuildPhase;
			buildActionMask = 2147483647;
			files = (
				9B4A8F290E428D9900777579 /* Foundation.framework in Frameworks */,
				9B4A8F2A0E428D9A00777579 /* JavaScriptCore.framework in Frameworks */,
				9B4A8F2B0E428D9B00777579 /* QuartzCore.framework in Frameworks */,
				9B4A8F2C0E428D9C00777579 /* Accelerate.framework in Frameworks */,
			);
			runOnlyForDeploymentPostprocessing = 0;
		};
		9BF798C80E72082100181888 /* Frameworks */ = {
			isa = PBXFrameworksBuildPhase;
			buildActionMask = 2147483647;
			files = (
				9BF7993B0E7208BA00181888 /* Cocoa.framework in Frameworks */,
				9BF7993C0E7208BA00181888 /* Accelerate.framework in Frameworks */,
				9BF7993D0E7208BA00181888 /* JavaScriptCore.framework in Frameworks */,
				9BF7993E0E7208BA00181888 /* QuartzCore.framework in Frameworks */,
			);
			runOnlyForDeploymentPostprocessing = 0;
		};
/* End PBXFrameworksBuildPhase section */

/* Begin PBXGroup section */
		19C28FB0FE9D524F11CA2CBB /* Products */ = {
			isa = PBXGroup;
			children = (
				9B4A8EE00E428BAF00777579 /* TopDrawRenderer */,
				3CD4D7440E42F08000F37DC9 /* TopDrawViewer.app */,
				9BF798CA0E72082100181888 /* TopDraw.app */,
				9BDEC45E0E72261300B82883 /* TopDrawEditor.app */,
			);
			name = Products;
			sourceTree = "<group>";
		};
		2A37F4AAFDCFA73011CA2CEA /* TopDraw */ = {
			isa = PBXGroup;
			children = (
				9BC7F92D0E77704900131590 /* ReadMe.txt */,
				9BC8E7B80E63A20800780CB6 /* Version.xcconfig */,
				9BE3C03F0E43703C00E3AA8A /* Documentation */,
				3CD4D6A90E42EBE400F37DC9 /* Common */,
				2A37F4ABFDCFA73011CA2CEA /* TopDraw + Editor */,
				2A37F4AFFDCFA73011CA2CEA /* Renderer */,
				9B4A8EC70E4285FC00777579 /* Viewer */,
				9B4A90200E4296F700777579 /* Icons */,
				2A37F4C3FDCFA73011CA2CEA /* Frameworks */,
				19C28FB0FE9D524F11CA2CBB /* Products */,
			);
			name = TopDraw;
			sourceTree = "<group>";
		};
		2A37F4ABFDCFA73011CA2CEA /* TopDraw + Editor */ = {
			isa = PBXGroup;
			children = (
				9B4A8FB40E428F2100777579 /* CGImageView.h */,
				9B4A8FB50E428F2100777579 /* CGImageView.m */,
				9B4A8FB60E428F2100777579 /* ColorizingTextView.h */,
				9B4A8FB70E428F2100777579 /* ColorizingTextView.m */,
				9B4A8FB80E428F2100777579 /* Controller.h */,
				9B4A8FB90E428F2100777579 /* Controller.m */,
				3C9E51E90E725B03009417F8 /* DocumentController.h */,
				3C9E51EA0E725B03009417F8 /* DocumentController.m */,
				9B4A8FA30E428EAF00777579 /* DrawingDocument.h */,
				9B4A8FA20E428EAF00777579 /* DrawingDocument.m */,
				9B4A8FBA0E428F2100777579 /* Logging.h */,
				9B4A8FBB0E428F2100777579 /* Logging.m */,
				2A37F4B0FDCFA73011CA2CEA /* Editormain.m */,
				9B4A8FBC0E428F2100777579 /* Preview.h */,
				9B4A8FBD0E428F2100777579 /* Preview.m */,
				8D15AC360486D014006FF6A4 /* Info.plist */,
				3C4324F80E42FEAD006C46D5 /* MainMenu.xib */,
				3C4324FA0E42FEAD006C46D5 /* InfoPlist.strings */,
				3C4324FC0E42FEAD006C46D5 /* DrawingDocument.xib */,
			);
			name = "TopDraw + Editor";
			path = Editor;
			sourceTree = "<group>";
		};
		2A37F4AFFDCFA73011CA2CEA /* Renderer */ = {
			isa = PBXGroup;
			children = (
				9B4A8F200E428CDE00777579 /* Renderer_Prefix.pch */,
				9B4A8F020E428C7700777579 /* RendererMain.m */,
				9B4A8F420E428E1D00777579 /* Runtime */,
			);
			path = Renderer;
			sourceTree = "<group>";
		};
		2A37F4C3FDCFA73011CA2CEA /* Frameworks */ = {
			isa = PBXGroup;
			children = (
				9B4A8EAA0E427E3B00777579 /* Accelerate.framework */,
				2A37F4C4FDCFA73011CA2CEA /* AppKit.framework */,
				1058C7A7FEA54F5311CA2CBB /* Cocoa.framework */,
				2A37F4C5FDCFA73011CA2CEA /* Foundation.framework */,
				9B4A8EAB0E427E3B00777579 /* JavaScriptCore.framework */,
				9B4A8EAC0E427E3B00777579 /* QuartzCore.framework */,
			);
			name = Frameworks;
			sourceTree = "<group>";
		};
		3CD4D6A90E42EBE400F37DC9 /* Common */ = {
			isa = PBXGroup;
			children = (
				3CD4D7630E42F24200F37DC9 /* Built-in.tds */,
				9B4A8F210E428D7200777579 /* Exporter.h */,
				9B4A8F220E428D7200777579 /* Exporter.m */,
				9B4A8FCA0E428F4E00777579 /* Installer.h */,
				9B4A8FCB0E428F4E00777579 /* Installer.m */,
				9B1163FE0E47BCB100C230D5 /* NSColor+Adjustment.h */,
				9B1163FF0E47BCB100C230D5 /* NSColor+Adjustment.m */,
				9B4A8ED30E428B8400777579 /* NSScreen+Convenience.h */,
				9B4A8ED20E428B8400777579 /* NSScreen+Convenience.m */,
				9B4A8FBE0E428F2100777579 /* Renderer.h */,
				9B4A8FBF0E428F2100777579 /* Renderer.m */,
				32DBCF750370BD2300C91783 /* TopDraw_Prefix.pch */,
			);
			path = Common;
			sourceTree = "<group>";
		};
		9B4A8EC70E4285FC00777579 /* Viewer */ = {
			isa = PBXGroup;
			children = (
				3CD4D74F0E42F12F00F37DC9 /* PreferencesController.h */,
				3CD4D74E0E42F12F00F37DC9 /* PreferencesController.m */,
				3CD4D74D0E42F12F00F37DC9 /* StatusItemView.h */,
				3CD4D74C0E42F12F00F37DC9 /* StatusItemView.m */,
				3CD4D74B0E42F12F00F37DC9 /* ViewerController.h */,
				3CD4D74A0E42F12F00F37DC9 /* ViewerController.m */,
				3CD4D79C0E42F39800F37DC9 /* ViewerMain.m */,
				3CD4D7600E42F19600F37DC9 /* Viewer.xib */,
				3CD4D7460E42F08000F37DC9 /* Viewer-Info.plist */,
			);
			path = Viewer;
			sourceTree = "<group>";
		};
		9B4A8F420E428E1D00777579 /* Runtime */ = {
			isa = PBXGroup;
			children = (
				9B4A8EE80E428C7700777579 /* Color.h */,
				9B4A8EE90E428C7700777579 /* Color.m */,
				9B4A8EEA0E428C7700777579 /* Compositor.h */,
				9B4A8EEB0E428C7700777579 /* Compositor.m */,
				9B4A8EEC0E428C7700777579 /* Filter.h */,
				9B4A8EED0E428C7700777579 /* Filter.m */,
				9B4A8EEE0E428C7700777579 /* Gradient.h */,
				9B4A8EEF0E428C7700777579 /* Gradient.m */,
				9B4A8EF00E428C7700777579 /* GravityPoint.h */,
				9B4A8EF10E428C7700777579 /* GravityPoint.m */,
				9B4A8EF20E428C7700777579 /* Image.h */,
				9B4A8EF30E428C7700777579 /* Image.m */,
				9B4A8EF40E428C7700777579 /* Layer.h */,
				9B4A8EF50E428C7700777579 /* Layer.m */,
				9B4A8EF60E428C7700777579 /* Noise.h */,
				9B4A8EF70E428C7700777579 /* Noise.m */,
				9B4A8ED70E428B8400777579 /* NSColor+Random.h */,
				9B4A8ED60E428B8400777579 /* NSColor+Random.m */,
				9B4A8ED50E428B8400777579 /* NSColor+String.h */,
				9B4A8ED40E428B8400777579 /* NSColor+String.m */,
				9B5C07E40E799E5C00F4B6BF /* PaletteObject.h */,
				9B5C07E80E799EB700F4B6BF /* PaletteObject.m */,
				9B4A8EF80E428C7700777579 /* Particles.h */,
				9B4A8EF90E428C7700777579 /* Particles.m */,
				9BB539B90E5B6E70008ED3AA /* PatternObject.h */,
				9BB539BA0E5B6E70008ED3AA /* PatternObject.m */,
				9B4A8EFA0E428C7700777579 /* Plasma.h */,
				9B4A8EFB0E428C7700777579 /* Plasma.m */,
				9B4A8EFC0E428C7700777579 /* PointObject.h */,
				9B4A8EFD0E428C7700777579 /* PointObject.m */,
				9B4A8EFE0E428C7700777579 /* Randomizer.h */,
				9B4A8EFF0E428C7700777579 /* Randomizer.m */,
				9B4A8F000E428C7700777579 /* RectObject.h */,
				9B4A8F010E428C7700777579 /* RectObject.m */,
				9B4A8F030E428C7700777579 /* Runtime.h */,
				9B4A8F040E428C7700777579 /* Runtime.m */,
				9B4A8F050E428C7700777579 /* RuntimeObject.h */,
				9B4A8F060E428C7700777579 /* RuntimeObject.m */,
				9B4A8F070E428C7700777579 /* Simulator.h */,
				9B4A8F080E428C7700777579 /* Simulator.m */,
				9B296FAF0E43EC0F00D89930 /* SimulatorObject.h */,
				9B296FB00E43EC0F00D89930 /* SimulatorObject.m */,
				9B5C08030E799F6A00F4B6BF /* Storage.h */,
				9B5C08040E799F6A00F4B6BF /* Storage.m */,
				9B4A8F090E428C7700777579 /* Text.h */,
				9B4A8F0A0E428C7700777579 /* Text.m */,
			);
			name = Runtime;
			sourceTree = "<group>";
		};
		9B4A90200E4296F700777579 /* Icons */ = {
			isa = PBXGroup;
			children = (
				9B4A90230E42970000777579 /* TopDrawDoc.icns */,
				9B4A90240E42970000777579 /* TopDraw.icns */,
			);
			path = Icons;
			sourceTree = "<group>";
		};
		9BE3C03F0E43703C00E3AA8A /* Documentation */ = {
			isa = PBXGroup;
			children = (
				9BE3C04B0E4370AC00E3AA8A /* TopDraw.html */,
				9BE3C04C0E4370AC00E3AA8A /* TopDrawViewer.html */,
				9B1163CF0E47B95A00C230D5 /* Top Draw.css */,
			);
			name = Documentation;
			sourceTree = "<group>";
		};
/* End PBXGroup section */

/* Begin PBXNativeTarget section */
		3CD4D7430E42F08000F37DC9 /* Viewer */ = {
			isa = PBXNativeTarget;
			buildConfigurationList = 3CD4D7490E42F08100F37DC9 /* Build configuration list for PBXNativeTarget "Viewer" */;
			buildPhases = (
				3CD4D7400E42F08000F37DC9 /* Resources */,
				3CD4D7410E42F08000F37DC9 /* Sources */,
				3CD4D7420E42F08000F37DC9 /* Frameworks */,
				9BF7989C0E72013D00181888 /* CopyFiles */,
			);
			buildRules = (
			);
			dependencies = (
				9BF7988B0E72012C00181888 /* PBXTargetDependency */,
			);
			name = Viewer;
			productName = Viewer;
			productReference = 3CD4D7440E42F08000F37DC9 /* TopDrawViewer.app */;
			productType = "com.apple.product-type.application";
		};
		8D15AC270486D014006FF6A4 /* Editor */ = {
			isa = PBXNativeTarget;
			buildConfigurationList = C05733C708A9546B00998B17 /* Build configuration list for PBXNativeTarget "Editor" */;
			buildPhases = (
				8D15AC2B0486D014006FF6A4 /* Resources */,
				8D15AC300486D014006FF6A4 /* Sources */,
				8D15AC330486D014006FF6A4 /* Frameworks */,
				9B4A8FA10E428E9400777579 /* Copy Renderer */,
			);
			buildRules = (
			);
			dependencies = (
				3CD4D5D40E42DD1300F37DC9 /* PBXTargetDependency */,
			);
			name = Editor;
			productInstallPath = "$(HOME)/Applications";
			productName = TopDraw;
			productReference = 9BDEC45E0E72261300B82883 /* TopDrawEditor.app */;
			productType = "com.apple.product-type.application";
		};
		9B4A8EDF0E428BAF00777579 /* Renderer */ = {
			isa = PBXNativeTarget;
			buildConfigurationList = 9B4A8EE40E428BCE00777579 /* Build configuration list for PBXNativeTarget "Renderer" */;
			buildPhases = (
				9B4A8EDD0E428BAF00777579 /* Sources */,
				9B4A8EDE0E428BAF00777579 /* Frameworks */,
			);
			buildRules = (
			);
			dependencies = (
			);
			name = Renderer;
			productName = Renderer;
			productReference = 9B4A8EE00E428BAF00777579 /* TopDrawRenderer */;
			productType = "com.apple.product-type.tool";
		};
		9BF798C90E72082100181888 /* TopDraw */ = {
			isa = PBXNativeTarget;
			buildConfigurationList = 9BF798CF0E72082200181888 /* Build configuration list for PBXNativeTarget "TopDraw" */;
			buildPhases = (
				9BF798C60E72082100181888 /* Resources */,
				9BF798C70E72082100181888 /* Sources */,
				9BF798C80E72082100181888 /* Frameworks */,
				9BF799460E72094700181888 /* Copy Renderer & Viewer */,
				9BDEC3A60E720C4E00B82883 /* Zip Scripts and Copy Docs */,
				9BDEC4030E721D3F00B82883 /* Remove Viewer Renderer */,
				9BC7F93A0E77712200131590 /* Copy ReadMe */,
			);
			buildRules = (
			);
			dependencies = (
				9BF799400E7208C800181888 /* PBXTargetDependency */,
				9BF799420E7208D000181888 /* PBXTargetDependency */,
			);
			name = TopDraw;
			productName = TopDraw;
			productReference = 9BF798CA0E72082100181888 /* TopDraw.app */;
			productType = "com.apple.product-type.application";
		};
/* End PBXNativeTarget section */

/* Begin PBXProject section */
		2A37F4A9FDCFA73011CA2CEA /* Project object */ = {
			isa = PBXProject;
			buildConfigurationList = C05733CB08A9546B00998B17 /* Build configuration list for PBXProject "TopDraw" */;
			compatibilityVersion = "Xcode 3.0";
			hasScannedForEncodings = 1;
			mainGroup = 2A37F4AAFDCFA73011CA2CEA /* TopDraw */;
			projectDirPath = "";
			projectRoot = "";
			targets = (
				9BF798C90E72082100181888 /* TopDraw */,
				8D15AC270486D014006FF6A4 /* Editor */,
				3CD4D7430E42F08000F37DC9 /* Viewer */,
				9B4A8EDF0E428BAF00777579 /* Renderer */,
			);
		};
/* End PBXProject section */

/* Begin PBXResourcesBuildPhase section */
		3CD4D7400E42F08000F37DC9 /* Resources */ = {
			isa = PBXResourcesBuildPhase;
			buildActionMask = 2147483647;
			files = (
				9BF7989D0E7201D600181888 /* Built-in.tds in Resources */,
				3CD4D7610E42F19600F37DC9 /* Viewer.xib in Resources */,
				3CD4D7EE0E42F9ED00F37DC9 /* TopDraw.icns in Resources */,
			);
			runOnlyForDeploymentPostprocessing = 0;
		};
		8D15AC2B0486D014006FF6A4 /* Resources */ = {
			isa = PBXResourcesBuildPhase;
			buildActionMask = 2147483647;
			files = (
				9B4A90260E42970000777579 /* TopDrawDoc.icns in Resources */,
				3C4324FE0E42FEAD006C46D5 /* MainMenu.xib in Resources */,
				3C4324FF0E42FEAD006C46D5 /* InfoPlist.strings in Resources */,
				3C4325000E42FEAD006C46D5 /* DrawingDocument.xib in Resources */,
				9BE37FD90E510E570083B486 /* Built-in.tds in Resources */,
				3CBA06D30E6C97E00039D5EA /* TopDraw.icns in Resources */,
			);
			runOnlyForDeploymentPostprocessing = 0;
		};
		9BF798C60E72082100181888 /* Resources */ = {
			isa = PBXResourcesBuildPhase;
			buildActionMask = 2147483647;
			files = (
				9BF798D00E72089900181888 /* TopDrawDoc.icns in Resources */,
				9BF798D20E72089E00181888 /* MainMenu.xib in Resources */,
				9BF798D30E72089E00181888 /* InfoPlist.strings in Resources */,
				9BF798D40E72089E00181888 /* DrawingDocument.xib in Resources */,
				9BF798D50E72089E00181888 /* Built-in.tds in Resources */,
				9BF798D10E72089900181888 /* TopDraw.icns in Resources */,
			);
			runOnlyForDeploymentPostprocessing = 0;
		};
/* End PBXResourcesBuildPhase section */

/* Begin PBXShellScriptBuildPhase section */
		9BC7F93A0E77712200131590 /* Copy ReadMe */ = {
			isa = PBXShellScriptBuildPhase;
			buildActionMask = 2147483647;
			files = (
			);
			inputPaths = (
			);
			name = "Copy ReadMe";
			outputPaths = (
			);
			runOnlyForDeploymentPostprocessing = 0;
			shellPath = /bin/sh;
			shellScript = "\nREADME_NAME=\"ReadMe.txt\"\nREADME_SRC=${SRCROOT}/${README_NAME}\nREADME_TEMP=${TEMP_DIR}/${README_NAME}\nREADME_DEST=${CONFIGURATION_BUILD_DIR}/${README_NAME}\n\nVERSION=$(defaults read ${CONFIGURATION_BUILD_DIR}/${CONTENTS_FOLDER_PATH}/Info CFBundleShortVersionString)\nBUILD_DATE=$(date \"+%B %d, %Y\")\n\n# Edit the readme to include the date and version\n/usr/bin/sed \"s/{VERS}/$VERSION/\" ${README_SRC} > ${README_TEMP}\n/usr/bin/sed \"s/{DATE}/$BUILD_DATE/\" ${README_TEMP} > ${README_DEST}\n\n";
		};
		9BDEC3A60E720C4E00B82883 /* Zip Scripts and Copy Docs */ = {
			isa = PBXShellScriptBuildPhase;
			buildActionMask = 2147483647;
			files = (
			);
			inputPaths = (
			);
			name = "Zip Scripts and Copy Docs";
			outputPaths = (
			);
			runOnlyForDeploymentPostprocessing = 0;
			shellPath = /bin/sh;
			shellScript = "# Only copy script files\n/usr/bin/zip -j -r \"${SRCROOT}/Scripts.zip\" \"${SRCROOT}/Scripts\" -i \\*.tds\n\n# Copy script archive and documents (and svn)\nTOP_DRAW_RESOURCES=\"${BUILD_DIR}/${CONFIGURATION}/${PRODUCT_NAME}.app/Contents/Resources\"\n/bin/cp -R \"${SRCROOT}/Documentation\" \"${TOP_DRAW_RESOURCES}\"\n/bin/cp \"${SRCROOT}/Scripts.zip\" \"${TOP_DRAW_RESOURCES}\"\n\n# Remove dotfiles from documentation\nTOP_DRAW_DOCUMENTATION=\"${TOP_DRAW_RESOURCES}/Documentation\"\n\n/bin/rm -rf \"${TOP_DRAW_DOCUMENTATION}/Images/.svn\"\n/bin/rm -rf \"${TOP_DRAW_DOCUMENTATION}/.svn\"\n/bin/rm -f \"${TOP_DRAW_DOCUMENTATION}/.DS_Store\"\n\n";
		};
		9BDEC4030E721D3F00B82883 /* Remove Viewer Renderer */ = {
			isa = PBXShellScriptBuildPhase;
			buildActionMask = 2147483647;
			files = (
			);
			inputPaths = (
			);
			name = "Remove Viewer Renderer";
			outputPaths = (
			);
			runOnlyForDeploymentPostprocessing = 0;
			shellPath = /bin/sh;
			shellScript = "# Remove the renderer from the viewer\nTOP_DRAW_EXECUTABLES=\"${BUILD_DIR}/${CONFIGURATION}/${PRODUCT_NAME}.app/Contents/MacOS/\"\nVIEWER_EXECUTABLES=\"${TOP_DRAW_EXECUTABLES}/TopDrawViewer.app/Contents/MacOS/\"\necho \"Removing renderer from ${VIEWER_EXECUTABLES}\"\n/bin/rm -f \"${VIEWER_EXECUTABLES}/TopDrawRenderer\"\n\n";
		};
/* End PBXShellScriptBuildPhase section */

/* Begin PBXSourcesBuildPhase section */
		3CD4D7410E42F08000F37DC9 /* Sources */ = {
			isa = PBXSourcesBuildPhase;
			buildActionMask = 2147483647;
			files = (
				3CD4D7500E42F12F00F37DC9 /* ViewerController.m in Sources */,
				3CD4D7510E42F12F00F37DC9 /* StatusItemView.m in Sources */,
				3CD4D7520E42F12F00F37DC9 /* PreferencesController.m in Sources */,
				3CD4D7530E42F13500F37DC9 /* Installer.m in Sources */,
				3CD4D7540E42F13600F37DC9 /* Exporter.m in Sources */,
				3CD4D7840E42F34B00F37DC9 /* Renderer.m in Sources */,
				3CD4D79D0E42F39800F37DC9 /* ViewerMain.m in Sources */,
				9B1164000E47BCB100C230D5 /* NSColor+Adjustment.m in Sources */,
			);
			runOnlyForDeploymentPostprocessing = 0;
		};
		8D15AC300486D014006FF6A4 /* Sources */ = {
			isa = PBXSourcesBuildPhase;
			buildActionMask = 2147483647;
			files = (
				8D15AC320486D014006FF6A4 /* Editormain.m in Sources */,
				9B4A8F240E428D7200777579 /* Exporter.m in Sources */,
				9B4A8FA40E428EAF00777579 /* DrawingDocument.m in Sources */,
				9B4A8FC00E428F2100777579 /* CGImageView.m in Sources */,
				9B4A8FC10E428F2100777579 /* ColorizingTextView.m in Sources */,
				9B4A8FC20E428F2100777579 /* Controller.m in Sources */,
				9B4A8FC30E428F2100777579 /* Logging.m in Sources */,
				9B4A8FC40E428F2100777579 /* Preview.m in Sources */,
				9B4A8FC50E428F2100777579 /* Renderer.m in Sources */,
				9B4A8FCC0E428F4E00777579 /* Installer.m in Sources */,
				9BC8E7480E638D7100780CB6 /* NSScreen+Convenience.m in Sources */,
				3C9E51EC0E725B03009417F8 /* DocumentController.m in Sources */,
			);
			runOnlyForDeploymentPostprocessing = 0;
		};
		9B4A8EDD0E428BAF00777579 /* Sources */ = {
			isa = PBXSourcesBuildPhase;
			buildActionMask = 2147483647;
			files = (
				9B4A8EE50E428BF000777579 /* NSColor+Random.m in Sources */,
				9B4A8EE60E428BF100777579 /* NSColor+String.m in Sources */,
				9B4A8EE70E428BF200777579 /* NSScreen+Convenience.m in Sources */,
				9B4A8F0B0E428C7700777579 /* Color.m in Sources */,
				9B4A8F0C0E428C7700777579 /* Compositor.m in Sources */,
				9B4A8F0D0E428C7700777579 /* Filter.m in Sources */,
				9B4A8F0E0E428C7700777579 /* Gradient.m in Sources */,
				9B4A8F0F0E428C7700777579 /* GravityPoint.m in Sources */,
				9B4A8F100E428C7700777579 /* Image.m in Sources */,
				9B4A8F110E428C7700777579 /* Layer.m in Sources */,
				9B4A8F120E428C7700777579 /* Noise.m in Sources */,
				9B4A8F130E428C7700777579 /* Particles.m in Sources */,
				9B4A8F140E428C7700777579 /* Plasma.m in Sources */,
				9B4A8F150E428C7700777579 /* PointObject.m in Sources */,
				9B4A8F160E428C7700777579 /* Randomizer.m in Sources */,
				9B4A8F170E428C7700777579 /* RectObject.m in Sources */,
				9B4A8F180E428C7700777579 /* RendererMain.m in Sources */,
				9B4A8F190E428C7700777579 /* Runtime.m in Sources */,
				9B4A8F1A0E428C7700777579 /* RuntimeObject.m in Sources */,
				9B4A8F1B0E428C7700777579 /* Simulator.m in Sources */,
				9B4A8F1C0E428C7700777579 /* Text.m in Sources */,
				9B4A8F230E428D7200777579 /* Exporter.m in Sources */,
				9B296FB10E43EC0F00D89930 /* SimulatorObject.m in Sources */,
				9B1164010E47BCB100C230D5 /* NSColor+Adjustment.m in Sources */,
				9BB539BB0E5B6E70008ED3AA /* PatternObject.m in Sources */,
				9B5C07E90E799EB700F4B6BF /* PaletteObject.m in Sources */,
				9B5C08050E799F6A00F4B6BF /* Storage.m in Sources */,
			);
			runOnlyForDeploymentPostprocessing = 0;
		};
		9BF798C70E72082100181888 /* Sources */ = {
			isa = PBXSourcesBuildPhase;
			buildActionMask = 2147483647;
			files = (
				9BF798D70E7208A900181888 /* Editormain.m in Sources */,
				9BF798D80E7208A900181888 /* Exporter.m in Sources */,
				9BF798D90E7208A900181888 /* DrawingDocument.m in Sources */,
				9BF798DA0E7208A900181888 /* CGImageView.m in Sources */,
				9BF798DB0E7208A900181888 /* ColorizingTextView.m in Sources */,
				9BF798DC0E7208A900181888 /* Controller.m in Sources */,
				9BF798DD0E7208A900181888 /* Logging.m in Sources */,
				9BF798DE0E7208A900181888 /* Preview.m in Sources */,
				9BF798DF0E7208A900181888 /* Renderer.m in Sources */,
				9BF798E00E7208A900181888 /* Installer.m in Sources */,
				9BF798E10E7208A900181888 /* NSScreen+Convenience.m in Sources */,
				3C9E51EB0E725B03009417F8 /* DocumentController.m in Sources */,
			);
			runOnlyForDeploymentPostprocessing = 0;
		};
/* End PBXSourcesBuildPhase section */

/* Begin PBXTargetDependency section */
		3CD4D5D40E42DD1300F37DC9 /* PBXTargetDependency */ = {
			isa = PBXTargetDependency;
			target = 9B4A8EDF0E428BAF00777579 /* Renderer */;
			targetProxy = 3CD4D5D30E42DD1300F37DC9 /* PBXContainerItemProxy */;
		};
		9BF7988B0E72012C00181888 /* PBXTargetDependency */ = {
			isa = PBXTargetDependency;
			target = 9B4A8EDF0E428BAF00777579 /* Renderer */;
			targetProxy = 9BF7988A0E72012C00181888 /* PBXContainerItemProxy */;
		};
		9BF799400E7208C800181888 /* PBXTargetDependency */ = {
			isa = PBXTargetDependency;
			target = 9B4A8EDF0E428BAF00777579 /* Renderer */;
			targetProxy = 9BF7993F0E7208C800181888 /* PBXContainerItemProxy */;
		};
		9BF799420E7208D000181888 /* PBXTargetDependency */ = {
			isa = PBXTargetDependency;
			target = 3CD4D7430E42F08000F37DC9 /* Viewer */;
			targetProxy = 9BF799410E7208D000181888 /* PBXContainerItemProxy */;
		};
/* End PBXTargetDependency section */

/* Begin PBXVariantGroup section */
		3C4324F80E42FEAD006C46D5 /* MainMenu.xib */ = {
			isa = PBXVariantGroup;
			children = (
				3C4324F90E42FEAD006C46D5 /* English */,
			);
			name = MainMenu.xib;
			sourceTree = "<group>";
		};
		3C4324FA0E42FEAD006C46D5 /* InfoPlist.strings */ = {
			isa = PBXVariantGroup;
			children = (
				3C4324FB0E42FEAD006C46D5 /* English */,
			);
			name = InfoPlist.strings;
			sourceTree = "<group>";
		};
		3C4324FC0E42FEAD006C46D5 /* DrawingDocument.xib */ = {
			isa = PBXVariantGroup;
			children = (
				3C4324FD0E42FEAD006C46D5 /* English */,
			);
			name = DrawingDocument.xib;
			sourceTree = "<group>";
		};
/* End PBXVariantGroup section */

/* Begin XCBuildConfiguration section */
		3CD4D7470E42F08000F37DC9 /* Debug */ = {
			isa = XCBuildConfiguration;
			baseConfigurationReference = 9BC8E7B80E63A20800780CB6 /* Version.xcconfig */;
			buildSettings = {
				ALWAYS_SEARCH_USER_PATHS = NO;
				COPY_PHASE_STRIP = NO;
				GCC_DYNAMIC_NO_PIC = NO;
				GCC_ENABLE_FIX_AND_CONTINUE = YES;
				GCC_MODEL_TUNING = G5;
				GCC_OPTIMIZATION_LEVEL = 0;
				GCC_PRECOMPILE_PREFIX_HEADER = YES;
				GCC_PREFIX_HEADER = Common/TopDraw_Prefix.pch;
				INFOPLIST_FILE = "Viewer/Viewer-Info.plist";
				INSTALL_PATH = "$(HOME)/Applications";
				OTHER_LDFLAGS = (
					"-framework",
					Foundation,
					"-framework",
					AppKit,
				);
				PREBINDING = NO;
				PRODUCT_NAME = TopDrawViewer;
			};
			name = Debug;
		};
		3CD4D7480E42F08000F37DC9 /* Release */ = {
			isa = XCBuildConfiguration;
			baseConfigurationReference = 9BC8E7B80E63A20800780CB6 /* Version.xcconfig */;
			buildSettings = {
				ALWAYS_SEARCH_USER_PATHS = NO;
				COPY_PHASE_STRIP = YES;
				DEBUG_INFORMATION_FORMAT = "dwarf-with-dsym";
				GCC_ENABLE_FIX_AND_CONTINUE = NO;
				GCC_MODEL_TUNING = G5;
				GCC_PRECOMPILE_PREFIX_HEADER = YES;
				GCC_PREFIX_HEADER = Common/TopDraw_Prefix.pch;
				INFOPLIST_FILE = "Viewer/Viewer-Info.plist";
				INSTALL_PATH = "$(HOME)/Applications";
				OTHER_LDFLAGS = (
					"-framework",
					Foundation,
					"-framework",
					AppKit,
				);
				PREBINDING = NO;
				PRODUCT_NAME = TopDrawViewer;
				ZERO_LINK = NO;
			};
			name = Release;
		};
		9B4A8EE20E428BB000777579 /* Debug */ = {
			isa = XCBuildConfiguration;
			buildSettings = {
				ALWAYS_SEARCH_USER_PATHS = NO;
				COPY_PHASE_STRIP = NO;
				GCC_DYNAMIC_NO_PIC = NO;
				GCC_ENABLE_FIX_AND_CONTINUE = YES;
				GCC_MODEL_TUNING = G5;
				GCC_OPTIMIZATION_LEVEL = 0;
				GCC_PRECOMPILE_PREFIX_HEADER = YES;
				GCC_PREFIX_HEADER = Renderer/Renderer_Prefix.pch;
				INSTALL_PATH = /usr/local/bin;
				OTHER_LDFLAGS = (
					"-framework",
					Foundation,
					"-framework",
					AppKit,
				);
				PREBINDING = NO;
				PRODUCT_NAME = TopDrawRenderer;
			};
			name = Debug;
		};
		9B4A8EE30E428BB000777579 /* Release */ = {
			isa = XCBuildConfiguration;
			buildSettings = {
				ALWAYS_SEARCH_USER_PATHS = NO;
				COPY_PHASE_STRIP = YES;
				DEBUG_INFORMATION_FORMAT = "dwarf-with-dsym";
				GCC_ENABLE_FIX_AND_CONTINUE = NO;
				GCC_MODEL_TUNING = G5;
				GCC_PRECOMPILE_PREFIX_HEADER = YES;
				GCC_PREFIX_HEADER = Renderer/Renderer_Prefix.pch;
				INSTALL_PATH = /usr/local/bin;
				OTHER_LDFLAGS = (
					"-framework",
					Foundation,
					"-framework",
					AppKit,
				);
				PREBINDING = NO;
				PRODUCT_NAME = TopDrawRenderer;
				ZERO_LINK = NO;
			};
			name = Release;
		};
		9BF798CD0E72082200181888 /* Debug */ = {
			isa = XCBuildConfiguration;
			baseConfigurationReference = 9BC8E7B80E63A20800780CB6 /* Version.xcconfig */;
			buildSettings = {
				ALWAYS_SEARCH_USER_PATHS = NO;
				COPY_PHASE_STRIP = NO;
				GCC_DYNAMIC_NO_PIC = NO;
				GCC_ENABLE_FIX_AND_CONTINUE = YES;
				GCC_MODEL_TUNING = G5;
				GCC_OPTIMIZATION_LEVEL = 0;
				GCC_PRECOMPILE_PREFIX_HEADER = YES;
				GCC_PREFIX_HEADER = Common/TopDraw_Prefix.pch;
				INFOPLIST_FILE = Editor/Info.plist;
				INSTALL_PATH = "$(HOME)/Applications";
				OTHER_LDFLAGS = (
					"-framework",
					Foundation,
					"-framework",
					AppKit,
				);
				PREBINDING = NO;
				PRODUCT_NAME = TopDraw;
			};
			name = Debug;
		};
		9BF798CE0E72082200181888 /* Release */ = {
			isa = XCBuildConfiguration;
			baseConfigurationReference = 9BC8E7B80E63A20800780CB6 /* Version.xcconfig */;
			buildSettings = {
				ALWAYS_SEARCH_USER_PATHS = NO;
				COPY_PHASE_STRIP = YES;
				DEBUG_INFORMATION_FORMAT = "dwarf-with-dsym";
				GCC_ENABLE_FIX_AND_CONTINUE = NO;
				GCC_MODEL_TUNING = G5;
				GCC_PRECOMPILE_PREFIX_HEADER = YES;
				GCC_PREFIX_HEADER = Common/TopDraw_Prefix.pch;
				INFOPLIST_FILE = Editor/Info.plist;
				INSTALL_PATH = "$(HOME)/Applications";
				OTHER_LDFLAGS = (
					"-framework",
					Foundation,
					"-framework",
					AppKit,
				);
				PREBINDING = NO;
				PRODUCT_NAME = TopDraw;
				ZERO_LINK = NO;
			};
			name = Release;
		};
		C05733C808A9546B00998B17 /* Debug */ = {
			isa = XCBuildConfiguration;
			baseConfigurationReference = 9BC8E7B80E63A20800780CB6 /* Version.xcconfig */;
			buildSettings = {
				ALWAYS_SEARCH_USER_PATHS = NO;
				COPY_PHASE_STRIP = NO;
				GCC_DYNAMIC_NO_PIC = NO;
				GCC_ENABLE_FIX_AND_CONTINUE = YES;
				GCC_MODEL_TUNING = G5;
				GCC_OPTIMIZATION_LEVEL = 0;
				GCC_PRECOMPILE_PREFIX_HEADER = YES;
				GCC_PREFIX_HEADER = Common/TopDraw_Prefix.pch;
				INFOPLIST_FILE = Editor/Info.plist;
				INSTALL_PATH = "$(HOME)/Applications";
				PRODUCT_NAME = TopDrawEditor;
			};
			name = Debug;
		};
		C05733C908A9546B00998B17 /* Release */ = {
			isa = XCBuildConfiguration;
			baseConfigurationReference = 9BC8E7B80E63A20800780CB6 /* Version.xcconfig */;
			buildSettings = {
				ALWAYS_SEARCH_USER_PATHS = NO;
				DEBUG_INFORMATION_FORMAT = "dwarf-with-dsym";
				GCC_MODEL_TUNING = G5;
				GCC_PRECOMPILE_PREFIX_HEADER = YES;
				GCC_PREFIX_HEADER = Common/TopDraw_Prefix.pch;
				INFOPLIST_FILE = Editor/Info.plist;
				INSTALL_PATH = "$(HOME)/Applications";
				PRODUCT_NAME = TopDrawEditor;
			};
			name = Release;
		};
		C05733CC08A9546B00998B17 /* Debug */ = {
			isa = XCBuildConfiguration;
			buildSettings = {
				ARCHS = "$(ONLY_ACTIVE_ARCH_PRE_XCODE_3_1)";
				GCC_C_LANGUAGE_STANDARD = c99;
				GCC_OPTIMIZATION_LEVEL = 0;
				GCC_WARN_ABOUT_RETURN_TYPE = YES;
				GCC_WARN_UNUSED_VARIABLE = YES;
				ONLY_ACTIVE_ARCH_PRE_XCODE_3_1 = "$(NATIVE_ARCH)";
				PREBINDING = NO;
				SDKROOT = "$(DEVELOPER_SDK_DIR)/MacOSX10.5.sdk";
			};
			name = Debug;
		};
		C05733CD08A9546B00998B17 /* Release */ = {
			isa = XCBuildConfiguration;
			buildSettings = {
				ARCHS = "$(ARCHS_STANDARD_32_BIT_PRE_XCODE_3_1)";
				ARCHS_STANDARD_32_BIT_PRE_XCODE_3_1 = "ppc i386";
				GCC_C_LANGUAGE_STANDARD = c99;
				GCC_WARN_ABOUT_RETURN_TYPE = YES;
				GCC_WARN_UNUSED_VARIABLE = YES;
				PREBINDING = NO;
				SDKROOT = "$(DEVELOPER_SDK_DIR)/MacOSX10.5.sdk";
			};
			name = Release;
		};
/* End XCBuildConfiguration section */

/* Begin XCConfigurationList section */
		3CD4D7490E42F08100F37DC9 /* Build configuration list for PBXNativeTarget "Viewer" */ = {
			isa = XCConfigurationList;
			buildConfigurations = (
				3CD4D7470E42F08000F37DC9 /* Debug */,
				3CD4D7480E42F08000F37DC9 /* Release */,
			);
			defaultConfigurationIsVisible = 0;
			defaultConfigurationName = Release;
		};
		9B4A8EE40E428BCE00777579 /* Build configuration list for PBXNativeTarget "Renderer" */ = {
			isa = XCConfigurationList;
			buildConfigurations = (
				9B4A8EE20E428BB000777579 /* Debug */,
				9B4A8EE30E428BB000777579 /* Release */,
			);
			defaultConfigurationIsVisible = 0;
			defaultConfigurationName = Release;
		};
		9BF798CF0E72082200181888 /* Build configuration list for PBXNativeTarget "TopDraw" */ = {
			isa = XCConfigurationList;
			buildConfigurations = (
				9BF798CD0E72082200181888 /* Debug */,
				9BF798CE0E72082200181888 /* Release */,
			);
			defaultConfigurationIsVisible = 0;
			defaultConfigurationName = Release;
		};
		C05733C708A9546B00998B17 /* Build configuration list for PBXNativeTarget "Editor" */ = {
			isa = XCConfigurationList;
			buildConfigurations = (
				C05733C808A9546B00998B17 /* Debug */,
				C05733C908A9546B00998B17 /* Release */,
			);
			defaultConfigurationIsVisible = 0;
			defaultConfigurationName = Release;
		};
		C05733CB08A9546B00998B17 /* Build configuration list for PBXProject "TopDraw" */ = {
			isa = XCConfigurationList;
			buildConfigurations = (
				C05733CC08A9546B00998B17 /* Debug */,
				C05733CD08A9546B00998B17 /* Release */,
			);
			defaultConfigurationIsVisible = 0;
			defaultConfigurationName = Release;
		};
/* End XCConfigurationList section */
	};
	rootObject = 2A37F4A9FDCFA73011CA2CEA /* Project object */;
}
